
Microsoft Visual Studio Solution File, Format Version 12.00
# Visual Studio 15
VisualStudioVersion = 15.0.28010.2050
MinimumVisualStudioVersion = 10.0.40219.1
Project("{9A19103F-16F7-4668-BE54-9A1E7A4F7556}") = "OAuth2.ClientCredentialsFlow", "OAuth2.ClientCredentialsFlow\OAuth2.ClientCredentialsFlow.csproj", "{CCD6173D-D8B8-4346-842A-BB06E499BFF7}"
EndProject
Project("{9A19103F-16F7-4668-BE54-9A1E7A4F7556}") = "Sample", "Sample\Sample.csproj", "{883A9471-17B4-4C40-BE92-2F7746ECAD89}"
EndProject
Global
	GlobalSection(SolutionConfigurationPlatforms) = preSolution
		Debug|Any CPU = Debug|Any CPU
		Release|Any CPU = Release|Any CPU
	EndGlobalSection
	GlobalSection(ProjectConfigurationPlatforms) = postSolution
		{CCD6173D-D8B8-4346-842A-BB06E499BFF7}.Debug|Any CPU.ActiveCfg = Debug|Any CPU
		{CCD6173D-D8B8-4346-842A-BB06E499BFF7}.Debug|Any CPU.Build.0 = Debug|Any CPU
		{CCD6173D-D8B8-4346-842A-BB06E499BFF7}.Release|Any CPU.ActiveCfg = Release|Any CPU
		{CCD6173D-D8B8-4346-842A-BB06E499BFF7}.Release|Any CPU.Build.0 = Release|Any CPU
		{883A9471-17B4-4C40-BE92-2F7746ECAD89}.Debug|Any CPU.ActiveCfg = Debug|Any CPU
		{883A9471-17B4-4C40-BE92-2F7746ECAD89}.Debug|Any CPU.Build.0 = Debug|Any CPU
		{883A9471-17B4-4C40-BE92-2F7746ECAD89}.Release|Any CPU.ActiveCfg = Release|Any CPU
		{883A9471-17B4-4C40-BE92-2F7746ECAD89}.Release|Any CPU.Build.0 = Release|Any CPU
	EndGlobalSection
	GlobalSection(SolutionProperties) = preSolution
		HideSolutionNode = FALSE
	EndGlobalSection
	GlobalSection(ExtensibilityGlobals) = postSolution
		SolutionGuid = {A64DB8EA-A4F3-4575-9FD5-4A798051C36D}
	EndGlobalSection
EndGlobal
